
Microsoft Visual Studio Solution File, Format Version 12.00
# Visual Studio Version 17
VisualStudioVersion = 17.3.32922.545
MinimumVisualStudioVersion = 10.0.40219.1
Project("{FAE04EC0-301F-11D3-BF4B-00C04F79EFBC}") = "Demo.PL", "Demo.PL\Demo.PL.csproj", "{61343943-798C-4EDD-8CFF-15D317A3C6FE}"
EndProject
Project("{FAE04EC0-301F-11D3-BF4B-00C04F79EFBC}") = "Demo.DAL", "Demo.DAL\Demo.DAL.csproj", "{104C8C80-8F8E-4B28-9FC6-71CBB9CB3837}"
EndProject
Project("{FAE04EC0-301F-11D3-BF4B-00C04F79EFBC}") = "Demo.BLL", "Demo.BLL\Demo.BLL.csproj", "{412E00D1-9023-4E03-B012-4DCBEE5DC13F}"
EndProject
Global
	GlobalSection(SolutionConfigurationPlatforms) = preSolution
		Debug|Any CPU = Debug|Any CPU
		Release|Any CPU = Release|Any CPU
	EndGlobalSection
	GlobalSection(ProjectConfigurationPlatforms) = postSolution
		{61343943-798C-4EDD-8CFF-15D317A3C6FE}.Debug|Any CPU.ActiveCfg = Debug|Any CPU
		{61343943-798C-4EDD-8CFF-15D317A3C6FE}.Debug|Any CPU.Build.0 = Debug|Any CPU
		{61343943-798C-4EDD-8CFF-15D317A3C6FE}.Release|Any CPU.ActiveCfg = Release|Any CPU
		{61343943-798C-4EDD-8CFF-15D317A3C6FE}.Release|Any CPU.Build.0 = Release|Any CPU
		{104C8C80-8F8E-4B28-9FC6-71CBB9CB3837}.Debug|Any CPU.ActiveCfg = Debug|Any CPU
		{104C8C80-8F8E-4B28-9FC6-71CBB9CB3837}.Debug|Any CPU.Build.0 = Debug|Any CPU
		{104C8C80-8F8E-4B28-9FC6-71CBB9CB3837}.Release|Any CPU.ActiveCfg = Release|Any CPU
		{104C8C80-8F8E-4B28-9FC6-71CBB9CB3837}.Release|Any CPU.Build.0 = Release|Any CPU
		{412E00D1-9023-4E03-B012-4DCBEE5DC13F}.Debug|Any CPU.ActiveCfg = Debug|Any CPU
		{412E00D1-9023-4E03-B012-4DCBEE5DC13F}.Debug|Any CPU.Build.0 = Debug|Any CPU
		{412E00D1-9023-4E03-B012-4DCBEE5DC13F}.Release|Any CPU.ActiveCfg = Release|Any CPU
		{412E00D1-9023-4E03-B012-4DCBEE5DC13F}.Release|Any CPU.Build.0 = Release|Any CPU
	EndGlobalSection
	GlobalSection(SolutionProperties) = preSolution
		HideSolutionNode = FALSE
	EndGlobalSection
	GlobalSection(ExtensibilityGlobals) = postSolution
		SolutionGuid = {053A117A-A23C-4292-AB7E-1EE34AA1F04D}
	EndGlobalSection
EndGlobal
